github.com/OpenPeeDeeP/xdg v0.2.0 h1:xr89rnllbkRkM7SV9Y++FJ8TGkbdkhhBQm5kOkGT7AE=
github.com/OpenPeeDeeP/xdg v0.2.0/go.mod h1:tMoSueLQlMf0TCldjrJLNIjAc5qAOIcHt5REi88/Ygo=
github.com/cjbassi/drawille-go v0.0.0-20190126131713-27dc511fe6fd h1:XtfPmj9tQRilnrEmI1HjQhxXWRhEM+m8CACtaMJE/kM=
github.com/cjbassi/drawille-go v0.0.0-20190126131713-27dc511fe6fd/go.mod h1:vjcQJUZJYD3MeVGhtZXSMnCHfUNZxsyYzJt90eCYxK4=
github.com/davecgh/go-spew v1.1.1 h1:vj9j/u1bqnvCEfJOwUhtlOARqs3+rkHYY13jYWTU97c=
github.com/davecgh/go-spew v1.1.1/go.mod h1:J7Y8YcW2NihsgmVo/mv3lAwl/skON4iLHjSsI+c5H38=
github.com/docopt/docopt.go v0.0.0-20180111231733-ee0de3bc6815 h1:HMAfwOa33y82IaQEKQDfUCiwNlxtM1iw7HLM9ru0RNc=
github.com/docopt/docopt.go v0.0.0-20180111231733-ee0de3bc6815/go.mod h1:l7JNRynTRuqe45tpIyItHNqZWTxywYjp87MWTOnU5cg=
github.com/gizak/termui/v3 v3.0.0 h1:NYTUG6ig/sJK05O5FyhWemwlVPO8ilNpvS/PgRtrKAE=
github.com/gizak/termui/v3 v3.0.0/go.mod h1:uinu2dMdtMI+FTIdEFUJQT5y+KShnhQRshvPblXq3lY=
github.com/mattn/go-runewidth v0.0.2 h1:UnlwIPBGaTZfPQ6T1IGzPI0EkYAQmT9fAEJ/poFC63o=
github.com/mattn/go-runewidth v0.0.2/go.mod h1:LwmH8dsx7+W8Uxz3IHJYH5QSwggIsqBzpuz5H//U1FU=
github.com/mitchellh/go-wordwrap v0.0.0-20150314170334-ad45545899c7 h1:DpOJ2HYzCv8LZP15IdmG+YdwD2luVPHITV96TkirNBM=
github.com/mitchellh/go-wordwrap v0.0.0-20150314170334-ad45545899c7/go.mod h1:ZXFpozHsX6DPmq2I0TCekCxypsnAUbP2oI0UX1GXzOo=
github.com/nsf/termbox-go v0.0.0-20190121233118-02980233997d h1:x3S6kxmy49zXVVyhcnrFqxvNVCBPb2KZ9hV2RBdS840=
github.com/nsf/termbox-go v0.0.0-20190121233118-02980233997d/go.mod h1:IuKpRQcYE1Tfu+oAQqaLisqDeXgjyyltCfsaoYN18NQ=
github.com/pmezard/go-difflib v1.0.0 h1:4DBwDE0NGyQoBHbLQYPwSUPoCMWR5BEzIk/f1lZbAQM=
github.com/pmezard/go-difflib v1.0.0/go.mod h1:iKH77koFhYxTK1pcRnkKkqfTogsbg7gZNVY4sRDYZ/4=
github.com/stretchr/objx v0.1.1 h1:2vfRuCMp5sSVIDSqO8oNnWJq7mPa6KVP3iPIwFBuy8A=
github.com/stretchr/objx v0.1.1/go.mod h1:HFkY916IF+rwdDfMAkV7OtwuqBVzrE8GR6GFx+wExME=
github.com/stretchr/testify v1.2.2 h1:bSDNvY7ZPG5RlJ8otE/7V6gMiyenm9RtJ7IUVIAoJ1w=
github.com/stretchr/testify v1.2.2/go.mod h1:a8OnRcib4nhh0OaRAV+Yts87kKdq0PP7pXfy6kDkUVs=
golang.org/x/arch v0.0.0-20181203225421-5a4828bb7045/go.mod h1:cYlCBUl1MsqxdiKgmc4uh7TxZfWSFLOGSRR090WDxt8=
